
Microsoft Visual Studio Solution File, Format Version 12.00
# Visual Studio Version 17
VisualStudioVersion = 17.0.31903.59
MinimumVisualStudioVersion = 10.0.40219.1
Project("{2150E333-8FDC-42A3-9474-1A3956D46DE8}") = "src", "src", "{827E0CD3-B72D-47B6-A68D-7590B98EB39B}"
EndProject
Project("{FAE04EC0-301F-11D3-BF4B-00C04F79EFBC}") = "PetroHub.Domain", "src\PetroHub.Domain\PetroHub.Domain.csproj", "{FE4D32E4-86CD-4CEA-8088-81DD23C4C9C3}"
EndProject
Project("{FAE04EC0-301F-11D3-BF4B-00C04F79EFBC}") = "PetroHub.Application", "src\PetroHub.Application\PetroHub.Application.csproj", "{8C005678-A04F-4DB9-9FB0-CDD78D628D5E}"
EndProject
Project("{FAE04EC0-301F-11D3-BF4B-00C04F79EFBC}") = "PetroHub.Infrastructure", "src\PetroHub.Infrastructure\PetroHub.Infrastructure.csproj", "{F9FEC410-AC33-4454-AC61-4AEB75780801}"
EndProject
Project("{FAE04EC0-301F-11D3-BF4B-00C04F79EFBC}") = "PetroHub.API", "src\PetroHub.API\PetroHub.API.csproj", "{F5F7ACC0-7E23-4AC5-A19A-7F9986993D87}"
EndProject
Global
	GlobalSection(SolutionConfigurationPlatforms) = preSolution
		Debug|Any CPU = Debug|Any CPU
		Debug|x64 = Debug|x64
		Debug|x86 = Debug|x86
		Release|Any CPU = Release|Any CPU
		Release|x64 = Release|x64
		Release|x86 = Release|x86
	EndGlobalSection
	GlobalSection(ProjectConfigurationPlatforms) = postSolution
		{FE4D32E4-86CD-4CEA-8088-81DD23C4C9C3}.Debug|Any CPU.ActiveCfg = Debug|Any CPU
		{FE4D32E4-86CD-4CEA-8088-81DD23C4C9C3}.Debug|Any CPU.Build.0 = Debug|Any CPU
		{FE4D32E4-86CD-4CEA-8088-81DD23C4C9C3}.Debug|x64.ActiveCfg = Debug|Any CPU
		{FE4D32E4-86CD-4CEA-8088-81DD23C4C9C3}.Debug|x64.Build.0 = Debug|Any CPU
		{FE4D32E4-86CD-4CEA-8088-81DD23C4C9C3}.Debug|x86.ActiveCfg = Debug|Any CPU
		{FE4D32E4-86CD-4CEA-8088-81DD23C4C9C3}.Debug|x86.Build.0 = Debug|Any CPU
		{FE4D32E4-86CD-4CEA-8088-81DD23C4C9C3}.Release|Any CPU.ActiveCfg = Release|Any CPU
		{FE4D32E4-86CD-4CEA-8088-81DD23C4C9C3}.Release|Any CPU.Build.0 = Release|Any CPU
		{FE4D32E4-86CD-4CEA-8088-81DD23C4C9C3}.Release|x64.ActiveCfg = Release|Any CPU
		{FE4D32E4-86CD-4CEA-8088-81DD23C4C9C3}.Release|x64.Build.0 = Release|Any CPU
		{FE4D32E4-86CD-4CEA-8088-81DD23C4C9C3}.Release|x86.ActiveCfg = Release|Any CPU
		{FE4D32E4-86CD-4CEA-8088-81DD23C4C9C3}.Release|x86.Build.0 = Release|Any CPU
		{8C005678-A04F-4DB9-9FB0-CDD78D628D5E}.Debug|Any CPU.ActiveCfg = Debug|Any CPU
		{8C005678-A04F-4DB9-9FB0-CDD78D628D5E}.Debug|Any CPU.Build.0 = Debug|Any CPU
		{8C005678-A04F-4DB9-9FB0-CDD78D628D5E}.Debug|x64.ActiveCfg = Debug|Any CPU
		{8C005678-A04F-4DB9-9FB0-CDD78D628D5E}.Debug|x64.Build.0 = Debug|Any CPU
		{8C005678-A04F-4DB9-9FB0-CDD78D628D5E}.Debug|x86.ActiveCfg = Debug|Any CPU
		{8C005678-A04F-4DB9-9FB0-CDD78D628D5E}.Debug|x86.Build.0 = Debug|Any CPU
		{8C005678-A04F-4DB9-9FB0-CDD78D628D5E}.Release|Any CPU.ActiveCfg = Release|Any CPU
		{8C005678-A04F-4DB9-9FB0-CDD78D628D5E}.Release|Any CPU.Build.0 = Release|Any CPU
		{8C005678-A04F-4DB9-9FB0-CDD78D628D5E}.Release|x64.ActiveCfg = Release|Any CPU
		{8C005678-A04F-4DB9-9FB0-CDD78D628D5E}.Release|x64.Build.0 = Release|Any CPU
		{8C005678-A04F-4DB9-9FB0-CDD78D628D5E}.Release|x86.ActiveCfg = Release|Any CPU
		{8C005678-A04F-4DB9-9FB0-CDD78D628D5E}.Release|x86.Build.0 = Release|Any CPU
		{F9FEC410-AC33-4454-AC61-4AEB75780801}.Debug|Any CPU.ActiveCfg = Debug|Any CPU
		{F9FEC410-AC33-4454-AC61-4AEB75780801}.Debug|Any CPU.Build.0 = Debug|Any CPU
		{F9FEC410-AC33-4454-AC61-4AEB75780801}.Debug|x64.ActiveCfg = Debug|Any CPU
		{F9FEC410-AC33-4454-AC61-4AEB75780801}.Debug|x64.Build.0 = Debug|Any CPU
		{F9FEC410-AC33-4454-AC61-4AEB75780801}.Debug|x86.ActiveCfg = Debug|Any CPU
		{F9FEC410-AC33-4454-AC61-4AEB75780801}.Debug|x86.Build.0 = Debug|Any CPU
		{F9FEC410-AC33-4454-AC61-4AEB75780801}.Release|Any CPU.ActiveCfg = Release|Any CPU
		{F9FEC410-AC33-4454-AC61-4AEB75780801}.Release|Any CPU.Build.0 = Release|Any CPU
		{F9FEC410-AC33-4454-AC61-4AEB75780801}.Release|x64.ActiveCfg = Release|Any CPU
		{F9FEC410-AC33-4454-AC61-4AEB75780801}.Release|x64.Build.0 = Release|Any CPU
		{F9FEC410-AC33-4454-AC61-4AEB75780801}.Release|x86.ActiveCfg = Release|Any CPU
		{F9FEC410-AC33-4454-AC61-4AEB75780801}.Release|x86.Build.0 = Release|Any CPU
		{F5F7ACC0-7E23-4AC5-A19A-7F9986993D87}.Debug|Any CPU.ActiveCfg = Debug|Any CPU
		{F5F7ACC0-7E23-4AC5-A19A-7F9986993D87}.Debug|Any CPU.Build.0 = Debug|Any CPU
		{F5F7ACC0-7E23-4AC5-A19A-7F9986993D87}.Debug|x64.ActiveCfg = Debug|Any CPU
		{F5F7ACC0-7E23-4AC5-A19A-7F9986993D87}.Debug|x64.Build.0 = Debug|Any CPU
		{F5F7ACC0-7E23-4AC5-A19A-7F9986993D87}.Debug|x86.ActiveCfg = Debug|Any CPU
		{F5F7ACC0-7E23-4AC5-A19A-7F9986993D87}.Debug|x86.Build.0 = Debug|Any CPU
		{F5F7ACC0-7E23-4AC5-A19A-7F9986993D87}.Release|Any CPU.ActiveCfg = Release|Any CPU
		{F5F7ACC0-7E23-4AC5-A19A-7F9986993D87}.Release|Any CPU.Build.0 = Release|Any CPU
		{F5F7ACC0-7E23-4AC5-A19A-7F9986993D87}.Release|x64.ActiveCfg = Release|Any CPU
		{F5F7ACC0-7E23-4AC5-A19A-7F9986993D87}.Release|x64.Build.0 = Release|Any CPU
		{F5F7ACC0-7E23-4AC5-A19A-7F9986993D87}.Release|x86.ActiveCfg = Release|Any CPU
		{F5F7ACC0-7E23-4AC5-A19A-7F9986993D87}.Release|x86.Build.0 = Release|Any CPU
	EndGlobalSection
	GlobalSection(SolutionProperties) = preSolution
		HideSolutionNode = FALSE
	EndGlobalSection
	GlobalSection(NestedProjects) = preSolution
		{FE4D32E4-86CD-4CEA-8088-81DD23C4C9C3} = {827E0CD3-B72D-47B6-A68D-7590B98EB39B}
		{8C005678-A04F-4DB9-9FB0-CDD78D628D5E} = {827E0CD3-B72D-47B6-A68D-7590B98EB39B}
		{F9FEC410-AC33-4454-AC61-4AEB75780801} = {827E0CD3-B72D-47B6-A68D-7590B98EB39B}
		{F5F7ACC0-7E23-4AC5-A19A-7F9986993D87} = {827E0CD3-B72D-47B6-A68D-7590B98EB39B}
	EndGlobalSection
EndGlobal
